
Microsoft Visual Studio Solution File, Format Version 12.00
# Visual Studio Version 17
VisualStudioVersion = 17.1.32328.378
MinimumVisualStudioVersion = 10.0.40219.1
Project("{FAE04EC0-301F-11D3-BF4B-00C04F79EFBC}") = "BlazorBase", "BlazorBase\BlazorBase.csproj", "{B192A22E-85E8-4627-A16A-AF0C48006CC6}"
EndProject
Global
	GlobalSection(SolutionConfigurationPlatforms) = preSolution
		Debug|Any CPU = Debug|Any CPU
		Release|Any CPU = Release|Any CPU
	EndGlobalSection
	GlobalSection(ProjectConfigurationPlatforms) = postSolution
		{B192A22E-85E8-4627-A16A-AF0C48006CC6}.Debug|Any CPU.ActiveCfg = Debug|Any CPU
		{B192A22E-85E8-4627-A16A-AF0C48006CC6}.Debug|Any CPU.Build.0 = Debug|Any CPU
		{B192A22E-85E8-4627-A16A-AF0C48006CC6}.Release|Any CPU.ActiveCfg = Release|Any CPU
		{B192A22E-85E8-4627-A16A-AF0C48006CC6}.Release|Any CPU.Build.0 = Release|Any CPU
	EndGlobalSection
	GlobalSection(SolutionProperties) = preSolution
		HideSolutionNode = FALSE
	EndGlobalSection
	GlobalSection(ExtensibilityGlobals) = postSolution
		SolutionGuid = {0A80E80F-94E5-4079-A1BD-89EE5F6ED7AD}
	EndGlobalSection
EndGlobal
